// !$*UTF8*$!
{
	archiveVersion = 1;
	classes = {
	};
	objectVersion = 56;
	objects = {

/* Begin PBXBuildFile section */
		16DF8EED2A0153C1008FAE0D /* recipetrackerApp.swift in Sources */ = {isa = PBXBuildFile; fileRef = 16DF8EEC2A0153C1008FAE0D /* recipetrackerApp.swift */; };
		16DF8EEF2A0153C1008FAE0D /* ContentView.swift in Sources */ = {isa = PBXBuildFile; fileRef = 16DF8EEE2A0153C1008FAE0D /* ContentView.swift */; };
		16DF8EF12A0153C1008FAE0D /* Assets.xcassets in Resources */ = {isa = PBXBuildFile; fileRef = 16DF8EF02A0153C1008FAE0D /* Assets.xcassets */; };
		16DF8EF42A0153C1008FAE0D /* Preview Assets.xcassets in Resources */ = {isa = PBXBuildFile; fileRef = 16DF8EF32A0153C1008FAE0D /* Preview Assets.xcassets */; };
		16DF8EFE2A01541D008FAE0D /* HomeView.swift in Sources */ = {isa = PBXBuildFile; fileRef = 16DF8EFD2A01541D008FAE0D /* HomeView.swift */; };
		16DF8F002A0154B3008FAE0D /* FavouritesView.swift in Sources */ = {isa = PBXBuildFile; fileRef = 16DF8EFF2A0154B3008FAE0D /* FavouritesView.swift */; };
		16DF8F022A0154E2008FAE0D /* CategoriesView.swift in Sources */ = {isa = PBXBuildFile; fileRef = 16DF8F012A0154E2008FAE0D /* CategoriesView.swift */; };
		16DF8F042A015508008FAE0D /* TabBarView.swift in Sources */ = {isa = PBXBuildFile; fileRef = 16DF8F032A015508008FAE0D /* TabBarView.swift */; };
		16DF8F072A015635008FAE0D /* Recipe.swift in Sources */ = {isa = PBXBuildFile; fileRef = 16DF8F062A015635008FAE0D /* Recipe.swift */; };
		16DF8F0B2A026624008FAE0D /* RecipeCard.swift in Sources */ = {isa = PBXBuildFile; fileRef = 16DF8F0A2A026624008FAE0D /* RecipeCard.swift */; };
		16DF8F0F2A03DBA8008FAE0D /* RecipeList.swift in Sources */ = {isa = PBXBuildFile; fileRef = 16DF8F0E2A03DBA8008FAE0D /* RecipeList.swift */; };
		16DF8F112A03FECC008FAE0D /* RecipeView.swift in Sources */ = {isa = PBXBuildFile; fileRef = 16DF8F102A03FECC008FAE0D /* RecipeView.swift */; };
		16E1B4912A0C44A5005BDB9C /* RecipeViewModel.swift in Sources */ = {isa = PBXBuildFile; fileRef = 16E1B4902A0C44A5005BDB9C /* RecipeViewModel.swift */; };
		16E1B4932A12BB53005BDB9C /* ImagePicker.swift in Sources */ = {isa = PBXBuildFile; fileRef = 16E1B4922A12BB53005BDB9C /* ImagePicker.swift */; };
		16E63BF12A04EE0D00B0169B /* CategoryCard.swift in Sources */ = {isa = PBXBuildFile; fileRef = 16E63BF02A04EE0D00B0169B /* CategoryCard.swift */; };
		16E63BF32A04F87C00B0169B /* CategoryList.swift in Sources */ = {isa = PBXBuildFile; fileRef = 16E63BF22A04F87C00B0169B /* CategoryList.swift */; };
		16E63BF62A054B5600B0169B /* AddRecipeView.swift in Sources */ = {isa = PBXBuildFile; fileRef = 16E63BF52A054B5600B0169B /* AddRecipeView.swift */; };
		16E63BF82A075FC500B0169B /* MultiSelector.swift in Sources */ = {isa = PBXBuildFile; fileRef = 16E63BF72A075FC500B0169B /* MultiSelector.swift */; };
		16E63BFA2A07634000B0169B /* MultiSelectionView.swift in Sources */ = {isa = PBXBuildFile; fileRef = 16E63BF92A07634000B0169B /* MultiSelectionView.swift */; };
/* End PBXBuildFile section */

/* Begin PBXFileReference section */
		16DF8EE92A0153C1008FAE0D /* recipetracker.app */ = {isa = PBXFileReference; explicitFileType = wrapper.application; includeInIndex = 0; path = recipetracker.app; sourceTree = BUILT_PRODUCTS_DIR; };
		16DF8EEC2A0153C1008FAE0D /* recipetrackerApp.swift */ = {isa = PBXFileReference; lastKnownFileType = sourcecode.swift; path = recipetrackerApp.swift; sourceTree = "<group>"; };
		16DF8EEE2A0153C1008FAE0D /* ContentView.swift */ = {isa = PBXFileReference; lastKnownFileType = sourcecode.swift; path = ContentView.swift; sourceTree = "<group>"; };
		16DF8EF02A0153C1008FAE0D /* Assets.xcassets */ = {isa = PBXFileReference; lastKnownFileType = folder.assetcatalog; path = Assets.xcassets; sourceTree = "<group>"; };
		16DF8EF32A0153C1008FAE0D /* Preview Assets.xcassets */ = {isa = PBXFileReference; lastKnownFileType = folder.assetcatalog; path = "Preview Assets.xcassets"; sourceTree = "<group>"; };
		16DF8EFD2A01541D008FAE0D /* HomeView.swift */ = {isa = PBXFileReference; lastKnownFileType = sourcecode.swift; path = HomeView.swift; sourceTree = "<group>"; };
		16DF8EFF2A0154B3008FAE0D /* FavouritesView.swift */ = {isa = PBXFileReference; lastKnownFileType = sourcecode.swift; path = FavouritesView.swift; sourceTree = "<group>"; };
		16DF8F012A0154E2008FAE0D /* CategoriesView.swift */ = {isa = PBXFileReference; lastKnownFileType = sourcecode.swift; path = CategoriesView.swift; sourceTree = "<group>"; };
		16DF8F032A015508008FAE0D /* TabBarView.swift */ = {isa = PBXFileReference; lastKnownFileType = sourcecode.swift; path = TabBarView.swift; sourceTree = "<group>"; };
		16DF8F062A015635008FAE0D /* Recipe.swift */ = {isa = PBXFileReference; lastKnownFileType = sourcecode.swift; path = Recipe.swift; sourceTree = "<group>"; };
		16DF8F0A2A026624008FAE0D /* RecipeCard.swift */ = {isa = PBXFileReference; lastKnownFileType = sourcecode.swift; path = RecipeCard.swift; sourceTree = "<group>"; };
		16DF8F0E2A03DBA8008FAE0D /* RecipeList.swift */ = {isa = PBXFileReference; lastKnownFileType = sourcecode.swift; path = RecipeList.swift; sourceTree = "<group>"; };
		16DF8F102A03FECC008FAE0D /* RecipeView.swift */ = {isa = PBXFileReference; lastKnownFileType = sourcecode.swift; path = RecipeView.swift; sourceTree = "<group>"; };
		16E1B4902A0C44A5005BDB9C /* RecipeViewModel.swift */ = {isa = PBXFileReference; lastKnownFileType = sourcecode.swift; path = RecipeViewModel.swift; sourceTree = "<group>"; };
		16E1B4922A12BB53005BDB9C /* ImagePicker.swift */ = {isa = PBXFileReference; lastKnownFileType = sourcecode.swift; path = ImagePicker.swift; sourceTree = "<group>"; };
		16E63BF02A04EE0D00B0169B /* CategoryCard.swift */ = {isa = PBXFileReference; lastKnownFileType = sourcecode.swift; path = CategoryCard.swift; sourceTree = "<group>"; };
		16E63BF22A04F87C00B0169B /* CategoryList.swift */ = {isa = PBXFileReference; lastKnownFileType = sourcecode.swift; path = CategoryList.swift; sourceTree = "<group>"; };
		16E63BF52A054B5600B0169B /* AddRecipeView.swift */ = {isa = PBXFileReference; lastKnownFileType = sourcecode.swift; path = AddRecipeView.swift; sourceTree = "<group>"; };
		16E63BF72A075FC500B0169B /* MultiSelector.swift */ = {isa = PBXFileReference; lastKnownFileType = sourcecode.swift; path = MultiSelector.swift; sourceTree = "<group>"; };
		16E63BF92A07634000B0169B /* MultiSelectionView.swift */ = {isa = PBXFileReference; lastKnownFileType = sourcecode.swift; path = MultiSelectionView.swift; sourceTree = "<group>"; };
/* End PBXFileReference section */

/* Begin PBXFrameworksBuildPhase section */
		16DF8EE62A0153C1008FAE0D /* Frameworks */ = {
			isa = PBXFrameworksBuildPhase;
			buildActionMask = 2147483647;
			files = (
			);
			runOnlyForDeploymentPostprocessing = 0;
		};
/* End PBXFrameworksBuildPhase section */

/* Begin PBXGroup section */
		16DF8EE02A0153C1008FAE0D = {
			isa = PBXGroup;
			children = (
				16DF8EEB2A0153C1008FAE0D /* recipetracker */,
				16DF8EEA2A0153C1008FAE0D /* Products */,
			);
			sourceTree = "<group>";
		};
		16DF8EEA2A0153C1008FAE0D /* Products */ = {
			isa = PBXGroup;
			children = (
				16DF8EE92A0153C1008FAE0D /* recipetracker.app */,
			);
			name = Products;
			sourceTree = "<group>";
		};
		16DF8EEB2A0153C1008FAE0D /* recipetracker */ = {
			isa = PBXGroup;
			children = (
				16DF8EEC2A0153C1008FAE0D /* recipetrackerApp.swift */,
				16E63BF42A054B4500B0169B /* Functions */,
				16DF8F092A02660F008FAE0D /* Components */,
				16DF8F082A026605008FAE0D /* ViewModels */,
				16DF8F052A01561C008FAE0D /* Models */,
				16DF8EFC2A0153F0008FAE0D /* Views */,
				16DF8EF02A0153C1008FAE0D /* Assets.xcassets */,
				16DF8EF22A0153C1008FAE0D /* Preview Content */,
			);
			path = recipetracker;
			sourceTree = "<group>";
		};
		16DF8EF22A0153C1008FAE0D /* Preview Content */ = {
			isa = PBXGroup;
			children = (
				16DF8EF32A0153C1008FAE0D /* Preview Assets.xcassets */,
			);
			path = "Preview Content";
			sourceTree = "<group>";
		};
		16DF8EFC2A0153F0008FAE0D /* Views */ = {
			isa = PBXGroup;
			children = (
				16DF8EEE2A0153C1008FAE0D /* ContentView.swift */,
				16DF8EFD2A01541D008FAE0D /* HomeView.swift */,
				16DF8EFF2A0154B3008FAE0D /* FavouritesView.swift */,
				16DF8F012A0154E2008FAE0D /* CategoriesView.swift */,
				16DF8F032A015508008FAE0D /* TabBarView.swift */,
			);
			path = Views;
			sourceTree = "<group>";
		};
		16DF8F052A01561C008FAE0D /* Models */ = {
			isa = PBXGroup;
			children = (
				16DF8F062A015635008FAE0D /* Recipe.swift */,
			);
			path = Models;
			sourceTree = "<group>";
		};
		16DF8F082A026605008FAE0D /* ViewModels */ = {
			isa = PBXGroup;
			children = (
				16E1B4902A0C44A5005BDB9C /* RecipeViewModel.swift */,
			);
			path = ViewModels;
			sourceTree = "<group>";
		};
		16DF8F092A02660F008FAE0D /* Components */ = {
			isa = PBXGroup;
			children = (
				16DF8F0A2A026624008FAE0D /* RecipeCard.swift */,
				16DF8F0E2A03DBA8008FAE0D /* RecipeList.swift */,
				16DF8F102A03FECC008FAE0D /* RecipeView.swift */,
				16E63BF02A04EE0D00B0169B /* CategoryCard.swift */,
				16E63BF22A04F87C00B0169B /* CategoryList.swift */,
			);
			path = Components;
			sourceTree = "<group>";
		};
		16E63BF42A054B4500B0169B /* Functions */ = {
			isa = PBXGroup;
			children = (
				16E63BF52A054B5600B0169B /* AddRecipeView.swift */,
				16E63BF72A075FC500B0169B /* MultiSelector.swift */,
				16E63BF92A07634000B0169B /* MultiSelectionView.swift */,
				16E1B4922A12BB53005BDB9C /* ImagePicker.swift */,
			);
			path = Functions;
			sourceTree = "<group>";
		};
/* End PBXGroup section */

/* Begin PBXNativeTarget section */
		16DF8EE82A0153C1008FAE0D /* recipetracker */ = {
			isa = PBXNativeTarget;
			buildConfigurationList = 16DF8EF72A0153C1008FAE0D /* Build configuration list for PBXNativeTarget "recipetracker" */;
			buildPhases = (
				16DF8EE52A0153C1008FAE0D /* Sources */,
				16DF8EE62A0153C1008FAE0D /* Frameworks */,
				16DF8EE72A0153C1008FAE0D /* Resources */,
			);
			buildRules = (
			);
			dependencies = (
			);
			name = recipetracker;
			productName = recipetracker;
			productReference = 16DF8EE92A0153C1008FAE0D /* recipetracker.app */;
			productType = "com.apple.product-type.application";
		};
/* End PBXNativeTarget section */

/* Begin PBXProject section */
		16DF8EE12A0153C1008FAE0D /* Project object */ = {
			isa = PBXProject;
			attributes = {
				BuildIndependentTargetsInParallel = 1;
				LastSwiftUpdateCheck = 1430;
				LastUpgradeCheck = 1430;
				TargetAttributes = {
					16DF8EE82A0153C1008FAE0D = {
						CreatedOnToolsVersion = 14.3;
					};
				};
			};
			buildConfigurationList = 16DF8EE42A0153C1008FAE0D /* Build configuration list for PBXProject "recipetracker" */;
			compatibilityVersion = "Xcode 14.0";
			developmentRegion = en;
			hasScannedForEncodings = 0;
			knownRegions = (
				en,
				Base,
			);
			mainGroup = 16DF8EE02A0153C1008FAE0D;
			productRefGroup = 16DF8EEA2A0153C1008FAE0D /* Products */;
			projectDirPath = "";
			projectRoot = "";
			targets = (
				16DF8EE82A0153C1008FAE0D /* recipetracker */,
			);
		};
/* End PBXProject section */

/* Begin PBXResourcesBuildPhase section */
		16DF8EE72A0153C1008FAE0D /* Resources */ = {
			isa = PBXResourcesBuildPhase;
			buildActionMask = 2147483647;
			files = (
				16DF8EF42A0153C1008FAE0D /* Preview Assets.xcassets in Resources */,
				16DF8EF12A0153C1008FAE0D /* Assets.xcassets in Resources */,
			);
			runOnlyForDeploymentPostprocessing = 0;
		};
/* End PBXResourcesBuildPhase section */

/* Begin PBXSourcesBuildPhase section */
		16DF8EE52A0153C1008FAE0D /* Sources */ = {
			isa = PBXSourcesBuildPhase;
			buildActionMask = 2147483647;
			files = (
				16DF8F072A015635008FAE0D /* Recipe.swift in Sources */,
				16DF8F0F2A03DBA8008FAE0D /* RecipeList.swift in Sources */,
				16E63BF62A054B5600B0169B /* AddRecipeView.swift in Sources */,
				16E1B4932A12BB53005BDB9C /* ImagePicker.swift in Sources */,
				16DF8EFE2A01541D008FAE0D /* HomeView.swift in Sources */,
				16E1B4912A0C44A5005BDB9C /* RecipeViewModel.swift in Sources */,
				16DF8EEF2A0153C1008FAE0D /* ContentView.swift in Sources */,
				16E63BF82A075FC500B0169B /* MultiSelector.swift in Sources */,
				16E63BFA2A07634000B0169B /* MultiSelectionView.swift in Sources */,
				16DF8F112A03FECC008FAE0D /* RecipeView.swift in Sources */,
				16DF8F002A0154B3008FAE0D /* FavouritesView.swift in Sources */,
				16DF8F022A0154E2008FAE0D /* CategoriesView.swift in Sources */,
				16DF8F0B2A026624008FAE0D /* RecipeCard.swift in Sources */,
				16E63BF12A04EE0D00B0169B /* CategoryCard.swift in Sources */,
				16DF8F042A015508008FAE0D /* TabBarView.swift in Sources */,
				16DF8EED2A0153C1008FAE0D /* recipetrackerApp.swift in Sources */,
				16E63BF32A04F87C00B0169B /* CategoryList.swift in Sources */,
			);
			runOnlyForDeploymentPostprocessing = 0;
		};
/* End PBXSourcesBuildPhase section */

/* Begin XCBuildConfiguration section */
		16DF8EF52A0153C1008FAE0D /* Debug */ = {
			isa = XCBuildConfiguration;
			buildSettings = {
				ALWAYS_SEARCH_USER_PATHS = NO;
				CLANG_ANALYZER_NONNULL = YES;
				CLANG_ANALYZER_NUMBER_OBJECT_CONVERSION = YES_AGGRESSIVE;
				CLANG_CXX_LANGUAGE_STANDARD = "gnu++20";
				CLANG_ENABLE_MODULES = YES;
				CLANG_ENABLE_OBJC_ARC = YES;
				CLANG_ENABLE_OBJC_WEAK = YES;
				CLANG_WARN_BLOCK_CAPTURE_AUTORELEASING = YES;
				CLANG_WARN_BOOL_CONVERSION = YES;
				CLANG_WARN_COMMA = YES;
				CLANG_WARN_CONSTANT_CONVERSION = YES;
				CLANG_WARN_DEPRECATED_OBJC_IMPLEMENTATIONS = YES;
				CLANG_WARN_DIRECT_OBJC_ISA_USAGE = YES_ERROR;
				CLANG_WARN_DOCUMENTATION_COMMENTS = YES;
				CLANG_WARN_EMPTY_BODY = YES;
				CLANG_WARN_ENUM_CONVERSION = YES;
				CLANG_WARN_INFINITE_RECURSION = YES;
				CLANG_WARN_INT_CONVERSION = YES;
				CLANG_WARN_NON_LITERAL_NULL_CONVERSION = YES;
				CLANG_WARN_OBJC_IMPLICIT_RETAIN_SELF = YES;
				CLANG_WARN_OBJC_LITERAL_CONVERSION = YES;
				CLANG_WARN_OBJC_ROOT_CLASS = YES_ERROR;
				CLANG_WARN_QUOTED_INCLUDE_IN_FRAMEWORK_HEADER = YES;
				CLANG_WARN_RANGE_LOOP_ANALYSIS = YES;
				CLANG_WARN_STRICT_PROTOTYPES = YES;
				CLANG_WARN_SUSPICIOUS_MOVE = YES;
				CLANG_WARN_UNGUARDED_AVAILABILITY = YES_AGGRESSIVE;
				CLANG_WARN_UNREACHABLE_CODE = YES;
				CLANG_WARN__DUPLICATE_METHOD_MATCH = YES;
				COPY_PHASE_STRIP = NO;
				DEBUG_INFORMATION_FORMAT = dwarf;
				ENABLE_STRICT_OBJC_MSGSEND = YES;
				ENABLE_TESTABILITY = YES;
				GCC_C_LANGUAGE_STANDARD = gnu11;
				GCC_DYNAMIC_NO_PIC = NO;
				GCC_NO_COMMON_BLOCKS = YES;
				GCC_OPTIMIZATION_LEVEL = 0;
				GCC_PREPROCESSOR_DEFINITIONS = (
					"DEBUG=1",
					"$(inherited)",
				);
				GCC_WARN_64_TO_32_BIT_CONVERSION = YES;
				GCC_WARN_ABOUT_RETURN_TYPE = YES_ERROR;
				GCC_WARN_UNDECLARED_SELECTOR = YES;
				GCC_WARN_UNINITIALIZED_AUTOS = YES_AGGRESSIVE;
				GCC_WARN_UNUSED_FUNCTION = YES;
				GCC_WARN_UNUSED_VARIABLE = YES;
				IPHONEOS_DEPLOYMENT_TARGET = 16.4;
				MTL_ENABLE_DEBUG_INFO = INCLUDE_SOURCE;
				MTL_FAST_MATH = YES;
				ONLY_ACTIVE_ARCH = YES;
				SDKROOT = iphoneos;
				SWIFT_ACTIVE_COMPILATION_CONDITIONS = DEBUG;
				SWIFT_OPTIMIZATION_LEVEL = "-Onone";
			};
			name = Debug;
		};
		16DF8EF62A0153C1008FAE0D /* Release */ = {
			isa = XCBuildConfiguration;
			buildSettings = {
				ALWAYS_SEARCH_USER_PATHS = NO;
				CLANG_ANALYZER_NONNULL = YES;
				CLANG_ANALYZER_NUMBER_OBJECT_CONVERSION = YES_AGGRESSIVE;
				CLANG_CXX_LANGUAGE_STANDARD = "gnu++20";
				CLANG_ENABLE_MODULES = YES;
				CLANG_ENABLE_OBJC_ARC = YES;
				CLANG_ENABLE_OBJC_WEAK = YES;
				CLANG_WARN_BLOCK_CAPTURE_AUTORELEASING = YES;
				CLANG_WARN_BOOL_CONVERSION = YES;
				CLANG_WARN_COMMA = YES;
				CLANG_WARN_CONSTANT_CONVERSION = YES;
				CLANG_WARN_DEPRECATED_OBJC_IMPLEMENTATIONS = YES;
				CLANG_WARN_DIRECT_OBJC_ISA_USAGE = YES_ERROR;
				CLANG_WARN_DOCUMENTATION_COMMENTS = YES;
				CLANG_WARN_EMPTY_BODY = YES;
				CLANG_WARN_ENUM_CONVERSION = YES;
				CLANG_WARN_INFINITE_RECURSION = YES;
				CLANG_WARN_INT_CONVERSION = YES;
				CLANG_WARN_NON_LITERAL_NULL_CONVERSION = YES;
				CLANG_WARN_OBJC_IMPLICIT_RETAIN_SELF = YES;
				CLANG_WARN_OBJC_LITERAL_CONVERSION = YES;
				CLANG_WARN_OBJC_ROOT_CLASS = YES_ERROR;
				CLANG_WARN_QUOTED_INCLUDE_IN_FRAMEWORK_HEADER = YES;
				CLANG_WARN_RANGE_LOOP_ANALYSIS = YES;
				CLANG_WARN_STRICT_PROTOTYPES = YES;
				CLANG_WARN_SUSPICIOUS_MOVE = YES;
				CLANG_WARN_UNGUARDED_AVAILABILITY = YES_AGGRESSIVE;
				CLANG_WARN_UNREACHABLE_CODE = YES;
				CLANG_WARN__DUPLICATE_METHOD_MATCH = YES;
				COPY_PHASE_STRIP = NO;
				DEBUG_INFORMATION_FORMAT = "dwarf-with-dsym";
				ENABLE_NS_ASSERTIONS = NO;
				ENABLE_STRICT_OBJC_MSGSEND = YES;
				GCC_C_LANGUAGE_STANDARD = gnu11;
				GCC_NO_COMMON_BLOCKS = YES;
				GCC_WARN_64_TO_32_BIT_CONVERSION = YES;
				GCC_WARN_ABOUT_RETURN_TYPE = YES_ERROR;
				GCC_WARN_UNDECLARED_SELECTOR = YES;
				GCC_WARN_UNINITIALIZED_AUTOS = YES_AGGRESSIVE;
				GCC_WARN_UNUSED_FUNCTION = YES;
				GCC_WARN_UNUSED_VARIABLE = YES;
				IPHONEOS_DEPLOYMENT_TARGET = 16.4;
				MTL_ENABLE_DEBUG_INFO = NO;
				MTL_FAST_MATH = YES;
				SDKROOT = iphoneos;
				SWIFT_COMPILATION_MODE = wholemodule;
				SWIFT_OPTIMIZATION_LEVEL = "-O";
				VALIDATE_PRODUCT = YES;
			};
			name = Release;
		};
		16DF8EF82A0153C1008FAE0D /* Debug */ = {
			isa = XCBuildConfiguration;
			buildSettings = {
				ASSETCATALOG_COMPILER_APPICON_NAME = AppIcon;
				ASSETCATALOG_COMPILER_GLOBAL_ACCENT_COLOR_NAME = AccentColor;
				CODE_SIGN_STYLE = Automatic;
				CURRENT_PROJECT_VERSION = 1;
				DEVELOPMENT_ASSET_PATHS = "\"recipetracker/Preview Content\"";
				ENABLE_PREVIEWS = YES;
				GENERATE_INFOPLIST_FILE = YES;
				INFOPLIST_KEY_UIApplicationSceneManifest_Generation = YES;
				INFOPLIST_KEY_UIApplicationSupportsIndirectInputEvents = YES;
				INFOPLIST_KEY_UILaunchScreen_Generation = YES;
				INFOPLIST_KEY_UISupportedInterfaceOrientations_iPad = "UIInterfaceOrientationPortrait UIInterfaceOrientationPortraitUpsideDown UIInterfaceOrientationLandscapeLeft UIInterfaceOrientationLandscapeRight";
				INFOPLIST_KEY_UISupportedInterfaceOrientations_iPhone = "UIInterfaceOrientationPortrait UIInterfaceOrientationLandscapeLeft UIInterfaceOrientationLandscapeRight";
				LD_RUNPATH_SEARCH_PATHS = (
					"$(inherited)",
					"@executable_path/Frameworks",
				);
				MARKETING_VERSION = 1.0;
				PRODUCT_BUNDLE_IDENTIFIER = com.campbell.recipetracker;
				PRODUCT_NAME = "$(TARGET_NAME)";
				SWIFT_EMIT_LOC_STRINGS = YES;
				SWIFT_VERSION = 5.0;
				TARGETED_DEVICE_FAMILY = "1,2";
			};
			name = Debug;
		};
		16DF8EF92A0153C1008FAE0D /* Release */ = {
			isa = XCBuildConfiguration;
			buildSettings = {
				ASSETCATALOG_COMPILER_APPICON_NAME = AppIcon;
				ASSETCATALOG_COMPILER_GLOBAL_ACCENT_COLOR_NAME = AccentColor;
				CODE_SIGN_STYLE = Automatic;
				CURRENT_PROJECT_VERSION = 1;
				DEVELOPMENT_ASSET_PATHS = "\"recipetracker/Preview Content\"";
				ENABLE_PREVIEWS = YES;
				GENERATE_INFOPLIST_FILE = YES;
				INFOPLIST_KEY_UIApplicationSceneManifest_Generation = YES;
				INFOPLIST_KEY_UIApplicationSupportsIndirectInputEvents = YES;
				INFOPLIST_KEY_UILaunchScreen_Generation = YES;
				INFOPLIST_KEY_UISupportedInterfaceOrientations_iPad = "UIInterfaceOrientationPortrait UIInterfaceOrientationPortraitUpsideDown UIInterfaceOrientationLandscapeLeft UIInterfaceOrientationLandscapeRight";
				INFOPLIST_KEY_UISupportedInterfaceOrientations_iPhone = "UIInterfaceOrientationPortrait UIInterfaceOrientationLandscapeLeft UIInterfaceOrientationLandscapeRight";
				LD_RUNPATH_SEARCH_PATHS = (
					"$(inherited)",
					"@executable_path/Frameworks",
				);
				MARKETING_VERSION = 1.0;
				PRODUCT_BUNDLE_IDENTIFIER = com.campbell.recipetracker;
				PRODUCT_NAME = "$(TARGET_NAME)";
				SWIFT_EMIT_LOC_STRINGS = YES;
				SWIFT_VERSION = 5.0;
				TARGETED_DEVICE_FAMILY = "1,2";
			};
			name = Release;
		};
/* End XCBuildConfiguration section */

/* Begin XCConfigurationList section */
		16DF8EE42A0153C1008FAE0D /* Build configuration list for PBXProject "recipetracker" */ = {
			isa = XCConfigurationList;
			buildConfigurations = (
				16DF8EF52A0153C1008FAE0D /* Debug */,
				16DF8EF62A0153C1008FAE0D /* Release */,
			);
			defaultConfigurationIsVisible = 0;
			defaultConfigurationName = Release;
		};
		16DF8EF72A0153C1008FAE0D /* Build configuration list for PBXNativeTarget "recipetracker" */ = {
			isa = XCConfigurationList;
			buildConfigurations = (
				16DF8EF82A0153C1008FAE0D /* Debug */,
				16DF8EF92A0153C1008FAE0D /* Release */,
			);
			defaultConfigurationIsVisible = 0;
			defaultConfigurationName = Release;
		};
/* End XCConfigurationList section */
	};
	rootObject = 16DF8EE12A0153C1008FAE0D /* Project object */;
}
